
Microsoft Visual Studio Solution File, Format Version 12.00
# Visual Studio Version 17
VisualStudioVersion = 17.5.33530.505
MinimumVisualStudioVersion = 10.0.40219.1
Project("{FAE04EC0-301F-11D3-BF4B-00C04F79EFBC}") = "AlphaHotel", "AlphaHotel\AlphaHotel.csproj", "{07BE868D-8D83-4910-9566-BFEB2F06F891}"
EndProject
Global
	GlobalSection(SolutionConfigurationPlatforms) = preSolution
		Debug|Any CPU = Debug|Any CPU
		Release|Any CPU = Release|Any CPU
	EndGlobalSection
	GlobalSection(ProjectConfigurationPlatforms) = postSolution
		{07BE868D-8D83-4910-9566-BFEB2F06F891}.Debug|Any CPU.ActiveCfg = Debug|Any CPU
		{07BE868D-8D83-4910-9566-BFEB2F06F891}.Debug|Any CPU.Build.0 = Debug|Any CPU
		{07BE868D-8D83-4910-9566-BFEB2F06F891}.Release|Any CPU.ActiveCfg = Release|Any CPU
		{07BE868D-8D83-4910-9566-BFEB2F06F891}.Release|Any CPU.Build.0 = Release|Any CPU
	EndGlobalSection
	GlobalSection(SolutionProperties) = preSolution
		HideSolutionNode = FALSE
	EndGlobalSection
	GlobalSection(ExtensibilityGlobals) = postSolution
		SolutionGuid = {4EAEF4AC-C9A1-41D2-A827-5266E221DA92}
	EndGlobalSection
EndGlobal
